
Microsoft Visual Studio Solution File, Format Version 12.00
# Visual Studio Version 17
VisualStudioVersion = 17.0.32014.148
MinimumVisualStudioVersion = 10.0.40219.1
Project("{2150E333-8FDC-42A3-9474-1A3956D46DE8}") = "Core", "Core", "{259B5ABD-4107-4B12-AB18-72404585AE8B}"
EndProject
Project("{2150E333-8FDC-42A3-9474-1A3956D46DE8}") = "Infrastructure", "Infrastructure", "{2551F8B0-3F45-49D0-B8A4-F6AA27B09B6C}"
EndProject
Project("{2150E333-8FDC-42A3-9474-1A3956D46DE8}") = "Presentation", "Presentation", "{9575A1D2-63DD-41A7-9AAA-41B7E5482525}"
EndProject
Project("{2150E333-8FDC-42A3-9474-1A3956D46DE8}") = "Tests", "Tests", "{BAD835BF-88D2-4D87-9D10-D4E2D7858BA0}"
EndProject
Project("{FAE04EC0-301F-11D3-BF4B-00C04F79EFBC}") = "Notes.Domain", "Core\Notes.Domain\Notes.Domain.csproj", "{45322F6F-31BB-46D1-8139-60C6D35CEDCF}"
EndProject
Global
	GlobalSection(SolutionConfigurationPlatforms) = preSolution
		Debug|Any CPU = Debug|Any CPU
		Release|Any CPU = Release|Any CPU
	EndGlobalSection
	GlobalSection(ProjectConfigurationPlatforms) = postSolution
		{45322F6F-31BB-46D1-8139-60C6D35CEDCF}.Debug|Any CPU.ActiveCfg = Debug|Any CPU
		{45322F6F-31BB-46D1-8139-60C6D35CEDCF}.Debug|Any CPU.Build.0 = Debug|Any CPU
		{45322F6F-31BB-46D1-8139-60C6D35CEDCF}.Release|Any CPU.ActiveCfg = Release|Any CPU
		{45322F6F-31BB-46D1-8139-60C6D35CEDCF}.Release|Any CPU.Build.0 = Release|Any CPU
	EndGlobalSection
	GlobalSection(SolutionProperties) = preSolution
		HideSolutionNode = FALSE
	EndGlobalSection
	GlobalSection(NestedProjects) = preSolution
		{45322F6F-31BB-46D1-8139-60C6D35CEDCF} = {259B5ABD-4107-4B12-AB18-72404585AE8B}
	EndGlobalSection
	GlobalSection(ExtensibilityGlobals) = postSolution
		SolutionGuid = {5B1CD596-6F95-4CC2-A0F7-D0FE51D3621A}
	EndGlobalSection
EndGlobal
